
Microsoft Visual Studio Solution File, Format Version 12.00
# Visual Studio 15
VisualStudioVersion = 15.0.28307.1500
MinimumVisualStudioVersion = 10.0.40219.1
Project("{FAE04EC0-301F-11D3-BF4B-00C04F79EFBC}") = "Uri_1047", "Uri_1047\Uri_1047.csproj", "{22B20F60-594D-448C-8FF4-FBC25EF2ACD7}"
EndProject
Global
	GlobalSection(SolutionConfigurationPlatforms) = preSolution
		Debug|Any CPU = Debug|Any CPU
		Release|Any CPU = Release|Any CPU
	EndGlobalSection
	GlobalSection(ProjectConfigurationPlatforms) = postSolution
		{22B20F60-594D-448C-8FF4-FBC25EF2ACD7}.Debug|Any CPU.ActiveCfg = Debug|Any CPU
		{22B20F60-594D-448C-8FF4-FBC25EF2ACD7}.Debug|Any CPU.Build.0 = Debug|Any CPU
		{22B20F60-594D-448C-8FF4-FBC25EF2ACD7}.Release|Any CPU.ActiveCfg = Release|Any CPU
		{22B20F60-594D-448C-8FF4-FBC25EF2ACD7}.Release|Any CPU.Build.0 = Release|Any CPU
	EndGlobalSection
	GlobalSection(SolutionProperties) = preSolution
		HideSolutionNode = FALSE
	EndGlobalSection
	GlobalSection(ExtensibilityGlobals) = postSolution
		SolutionGuid = {1C6D52A9-2127-4011-82B1-5EA65895A112}
	EndGlobalSection
EndGlobal
